
Microsoft Visual Studio Solution File, Format Version 10.00
# Visual Studio 2008
Project("{FAE04EC0-301F-11D3-BF4B-00C04F79EFBC}") = "DersDemo_ASP_First", "DersDemo_ASP_First\DersDemo_ASP_First.csproj", "{56E594EF-66AE-48E6-A6D9-B5BBB977098D}"
EndProject
Global
	GlobalSection(SolutionConfigurationPlatforms) = preSolution
		Debug|Any CPU = Debug|Any CPU
		Release|Any CPU = Release|Any CPU
	EndGlobalSection
	GlobalSection(ProjectConfigurationPlatforms) = postSolution
		{56E594EF-66AE-48E6-A6D9-B5BBB977098D}.Debug|Any CPU.ActiveCfg = Debug|Any CPU
		{56E594EF-66AE-48E6-A6D9-B5BBB977098D}.Debug|Any CPU.Build.0 = Debug|Any CPU
		{56E594EF-66AE-48E6-A6D9-B5BBB977098D}.Release|Any CPU.ActiveCfg = Release|Any CPU
		{56E594EF-66AE-48E6-A6D9-B5BBB977098D}.Release|Any CPU.Build.0 = Release|Any CPU
	EndGlobalSection
	GlobalSection(SolutionProperties) = preSolution
		HideSolutionNode = FALSE
	EndGlobalSection
EndGlobal
