
Microsoft Visual Studio Solution File, Format Version 10.00
# Visual Studio 2008
Project("{FAE04EC0-301F-11D3-BF4B-00C04F79EFBC}") = "DersDemo_ASP_Ado2", "DersDemo_ASP_Ado2\DersDemo_ASP_Ado2.csproj", "{D31B67D5-EBDB-4581-8227-F51E38FFA685}"
EndProject
Global
	GlobalSection(SolutionConfigurationPlatforms) = preSolution
		Debug|Any CPU = Debug|Any CPU
		Release|Any CPU = Release|Any CPU
	EndGlobalSection
	GlobalSection(ProjectConfigurationPlatforms) = postSolution
		{D31B67D5-EBDB-4581-8227-F51E38FFA685}.Debug|Any CPU.ActiveCfg = Debug|Any CPU
		{D31B67D5-EBDB-4581-8227-F51E38FFA685}.Debug|Any CPU.Build.0 = Debug|Any CPU
		{D31B67D5-EBDB-4581-8227-F51E38FFA685}.Release|Any CPU.ActiveCfg = Release|Any CPU
		{D31B67D5-EBDB-4581-8227-F51E38FFA685}.Release|Any CPU.Build.0 = Release|Any CPU
	EndGlobalSection
	GlobalSection(SolutionProperties) = preSolution
		HideSolutionNode = FALSE
	EndGlobalSection
EndGlobal
