
Microsoft Visual Studio Solution File, Format Version 10.00
# Visual Studio 2008
Project("{FAE04EC0-301F-11D3-BF4B-00C04F79EFBC}") = "DersDemo_ASP_States", "DersDemo_ASP_States\DersDemo_ASP_States.csproj", "{BDDE8EE0-4585-42FE-AB1A-C1EF3A57CDFF}"
EndProject
Global
	GlobalSection(SolutionConfigurationPlatforms) = preSolution
		Debug|Any CPU = Debug|Any CPU
		Release|Any CPU = Release|Any CPU
	EndGlobalSection
	GlobalSection(ProjectConfigurationPlatforms) = postSolution
		{BDDE8EE0-4585-42FE-AB1A-C1EF3A57CDFF}.Debug|Any CPU.ActiveCfg = Debug|Any CPU
		{BDDE8EE0-4585-42FE-AB1A-C1EF3A57CDFF}.Debug|Any CPU.Build.0 = Debug|Any CPU
		{BDDE8EE0-4585-42FE-AB1A-C1EF3A57CDFF}.Release|Any CPU.ActiveCfg = Release|Any CPU
		{BDDE8EE0-4585-42FE-AB1A-C1EF3A57CDFF}.Release|Any CPU.Build.0 = Release|Any CPU
	EndGlobalSection
	GlobalSection(SolutionProperties) = preSolution
		HideSolutionNode = FALSE
	EndGlobalSection
EndGlobal
